
Microsoft Visual Studio Solution File, Format Version 12.00
# Visual Studio Version 17
VisualStudioVersion = 17.8.34511.84
MinimumVisualStudioVersion = 10.0.40219.1
Project("{9A19103F-16F7-4668-BE54-9A1E7A4F7556}") = "BestShop", "BestShop\BestShop.csproj", "{EAC10DA1-70D4-4FE0-ACF5-4DB8609B9DB8}"
EndProject
Global
	GlobalSection(SolutionConfigurationPlatforms) = preSolution
		Debug|Any CPU = Debug|Any CPU
		Release|Any CPU = Release|Any CPU
	EndGlobalSection
	GlobalSection(ProjectConfigurationPlatforms) = postSolution
		{EAC10DA1-70D4-4FE0-ACF5-4DB8609B9DB8}.Debug|Any CPU.ActiveCfg = Debug|Any CPU
		{EAC10DA1-70D4-4FE0-ACF5-4DB8609B9DB8}.Debug|Any CPU.Build.0 = Debug|Any CPU
		{EAC10DA1-70D4-4FE0-ACF5-4DB8609B9DB8}.Release|Any CPU.ActiveCfg = Release|Any CPU
		{EAC10DA1-70D4-4FE0-ACF5-4DB8609B9DB8}.Release|Any CPU.Build.0 = Release|Any CPU
	EndGlobalSection
	GlobalSection(SolutionProperties) = preSolution
		HideSolutionNode = FALSE
	EndGlobalSection
	GlobalSection(ExtensibilityGlobals) = postSolution
		SolutionGuid = {66AE64DC-B798-4BA4-A8F9-D1D2AE789C7F}
	EndGlobalSection
EndGlobal
